
Microsoft Visual Studio Solution File, Format Version 12.00
# Visual Studio 14
VisualStudioVersion = 14.0.25420.1
MinimumVisualStudioVersion = 10.0.40219.1
Project("{F14B399A-7131-4C87-9E4B-1186C45EF12D}") = "UfoSighting-Report", "UfoSighting-Report\UfoSighting-Report.rptproj", "{C246BB7E-A0F4-489F-B17C-9D02F9388297}"
EndProject
Global
	GlobalSection(SolutionConfigurationPlatforms) = preSolution
		Debug|Default = Debug|Default
		DebugLocal|Default = DebugLocal|Default
		Release|Default = Release|Default
	EndGlobalSection
	GlobalSection(ProjectConfigurationPlatforms) = postSolution
		{C246BB7E-A0F4-489F-B17C-9D02F9388297}.Debug|Default.ActiveCfg = Debug
		{C246BB7E-A0F4-489F-B17C-9D02F9388297}.Debug|Default.Build.0 = Debug
		{C246BB7E-A0F4-489F-B17C-9D02F9388297}.Debug|Default.Deploy.0 = Debug
		{C246BB7E-A0F4-489F-B17C-9D02F9388297}.DebugLocal|Default.ActiveCfg = DebugLocal
		{C246BB7E-A0F4-489F-B17C-9D02F9388297}.DebugLocal|Default.Build.0 = DebugLocal
		{C246BB7E-A0F4-489F-B17C-9D02F9388297}.Release|Default.ActiveCfg = Release
		{C246BB7E-A0F4-489F-B17C-9D02F9388297}.Release|Default.Build.0 = Release
		{C246BB7E-A0F4-489F-B17C-9D02F9388297}.Release|Default.Deploy.0 = Release
	EndGlobalSection
	GlobalSection(SolutionProperties) = preSolution
		HideSolutionNode = FALSE
	EndGlobalSection
EndGlobal
